// !$*UTF8*$!
{
	archiveVersion = 1;
	classes = {
	};
	objectVersion = 46;
	objects = {

/* Begin PBXBuildFile section */
		74AE699B14DBC509007B4D39 /* CamServer.1 in CopyFiles */ = {isa = PBXBuildFile; fileRef = 74AE699A14DBC509007B4D39 /* CamServer.1 */; };
		74AE69A914DBC523007B4D39 /* AppConfig.cpp in Sources */ = {isa = PBXBuildFile; fileRef = 74AE69A114DBC523007B4D39 /* AppConfig.cpp */; };
		74AE69AA14DBC523007B4D39 /* main.cpp in Sources */ = {isa = PBXBuildFile; fileRef = 74AE69A314DBC523007B4D39 /* main.cpp */; };
		74AE69AB14DBC523007B4D39 /* UI.cpp in Sources */ = {isa = PBXBuildFile; fileRef = 74AE69A414DBC523007B4D39 /* UI.cpp */; };
		74AE69AC14DBC523007B4D39 /* VideoApp.cpp in Sources */ = {isa = PBXBuildFile; fileRef = 74AE69A614DBC523007B4D39 /* VideoApp.cpp */; };
		74AE69AD14DBC523007B4D39 /* VideoApp.run.cpp in Sources */ = {isa = PBXBuildFile; fileRef = 74AE69A814DBC523007B4D39 /* VideoApp.run.cpp */; };
		74AE69E414DBC642007B4D39 /* ofxOscBundle.cpp in Sources */ = {isa = PBXBuildFile; fileRef = 74AE69C314DBC642007B4D39 /* ofxOscBundle.cpp */; };
		74AE69E514DBC642007B4D39 /* ofxOscMessage.cpp in Sources */ = {isa = PBXBuildFile; fileRef = 74AE69C514DBC642007B4D39 /* ofxOscMessage.cpp */; };
		74AE69E614DBC642007B4D39 /* ofxOscReceiver.cpp in Sources */ = {isa = PBXBuildFile; fileRef = 74AE69C714DBC642007B4D39 /* ofxOscReceiver.cpp */; };
		74AE69E714DBC642007B4D39 /* ofxOscSender.cpp in Sources */ = {isa = PBXBuildFile; fileRef = 74AE69C914DBC642007B4D39 /* ofxOscSender.cpp */; };
		74AE69E814DBC642007B4D39 /* IpEndpointName.cpp in Sources */ = {isa = PBXBuildFile; fileRef = 74AE69CC14DBC642007B4D39 /* IpEndpointName.cpp */; };
		74AE69E914DBC642007B4D39 /* OscOutboundPacketStream.cpp in Sources */ = {isa = PBXBuildFile; fileRef = 74AE69D214DBC642007B4D39 /* OscOutboundPacketStream.cpp */; };
		74AE69EA14DBC642007B4D39 /* OscPrintReceivedElements.cpp in Sources */ = {isa = PBXBuildFile; fileRef = 74AE69D514DBC642007B4D39 /* OscPrintReceivedElements.cpp */; };
		74AE69EB14DBC642007B4D39 /* OscReceivedElements.cpp in Sources */ = {isa = PBXBuildFile; fileRef = 74AE69D714DBC642007B4D39 /* OscReceivedElements.cpp */; };
		74AE69EC14DBC642007B4D39 /* OscTypes.cpp in Sources */ = {isa = PBXBuildFile; fileRef = 74AE69D914DBC642007B4D39 /* OscTypes.cpp */; };
		74AE69ED14DBC642007B4D39 /* NetworkingUtils.cpp in Sources */ = {isa = PBXBuildFile; fileRef = 74AE69DD14DBC642007B4D39 /* NetworkingUtils.cpp */; };
		74AE69EE14DBC642007B4D39 /* UdpSocket.cpp in Sources */ = {isa = PBXBuildFile; fileRef = 74AE69DE14DBC642007B4D39 /* UdpSocket.cpp */; };
		74AE6A0014DBC660007B4D39 /* BlobTracker.cpp in Sources */ = {isa = PBXBuildFile; fileRef = 74AE69F914DBC660007B4D39 /* BlobTracker.cpp */; };
		74AE6A0114DBC660007B4D39 /* cvButtons.cpp in Sources */ = {isa = PBXBuildFile; fileRef = 74AE69FB14DBC660007B4D39 /* cvButtons.cpp */; };
		74AE6A0214DBC660007B4D39 /* OpenCV.cpp in Sources */ = {isa = PBXBuildFile; fileRef = 74AE69FD14DBC660007B4D39 /* OpenCV.cpp */; };
		74AE6A0F14DBD060007B4D39 /* libopencv_core.2.3.2.dylib in Frameworks */ = {isa = PBXBuildFile; fileRef = 74AE6A0514DBD060007B4D39 /* libopencv_core.2.3.2.dylib */; };
		74AE6A1114DBD060007B4D39 /* libopencv_highgui.2.3.2.dylib in Frameworks */ = {isa = PBXBuildFile; fileRef = 74AE6A0714DBD060007B4D39 /* libopencv_highgui.2.3.2.dylib */; };
		74AE6A1214DBD060007B4D39 /* libopencv_imgproc.2.3.2.dylib in Frameworks */ = {isa = PBXBuildFile; fileRef = 74AE6A0814DBD060007B4D39 /* libopencv_imgproc.2.3.2.dylib */; };
		74AE6A1514DBD060007B4D39 /* libopencv_objdetect.2.3.2.dylib in Frameworks */ = {isa = PBXBuildFile; fileRef = 74AE6A0B14DBD060007B4D39 /* libopencv_objdetect.2.3.2.dylib */; };
		74AE6A1814DBD12B007B4D39 /* libopencv_video.2.3.2.dylib in Frameworks */ = {isa = PBXBuildFile; fileRef = 74AE6A1714DBD12B007B4D39 /* libopencv_video.2.3.2.dylib */; };
/* End PBXBuildFile section */

/* Begin PBXCopyFilesBuildPhase section */
		74AE699214DBC509007B4D39 /* CopyFiles */ = {
			isa = PBXCopyFilesBuildPhase;
			buildActionMask = 2147483647;
			dstPath = usr/share/man/man1;
			dstSubfolderSpec = 0;
			files = (
				74AE699B14DBC509007B4D39 /* CamServer.1 in CopyFiles */,
			);
			runOnlyForDeploymentPostprocessing = 1;
		};
/* End PBXCopyFilesBuildPhase section */

/* Begin PBXFileReference section */
		74AE699414DBC509007B4D39 /* CamServer */ = {isa = PBXFileReference; explicitFileType = "compiled.mach-o.executable"; includeInIndex = 0; path = CamServer; sourceTree = BUILT_PRODUCTS_DIR; };
		74AE699A14DBC509007B4D39 /* CamServer.1 */ = {isa = PBXFileReference; lastKnownFileType = text.man; path = CamServer.1; sourceTree = "<group>"; };
		74AE69A114DBC523007B4D39 /* AppConfig.cpp */ = {isa = PBXFileReference; fileEncoding = 4; lastKnownFileType = sourcecode.cpp.cpp; name = AppConfig.cpp; path = ../../../source/AppConfig.cpp; sourceTree = "<group>"; };
		74AE69A214DBC523007B4D39 /* AppConfig.h */ = {isa = PBXFileReference; fileEncoding = 4; lastKnownFileType = sourcecode.c.h; name = AppConfig.h; path = ../../../source/AppConfig.h; sourceTree = "<group>"; };
		74AE69A314DBC523007B4D39 /* main.cpp */ = {isa = PBXFileReference; fileEncoding = 4; lastKnownFileType = sourcecode.cpp.cpp; name = main.cpp; path = ../../../source/main.cpp; sourceTree = "<group>"; };
		74AE69A414DBC523007B4D39 /* UI.cpp */ = {isa = PBXFileReference; fileEncoding = 4; lastKnownFileType = sourcecode.cpp.cpp; name = UI.cpp; path = ../../../source/UI.cpp; sourceTree = "<group>"; };
		74AE69A514DBC523007B4D39 /* UI.h */ = {isa = PBXFileReference; fileEncoding = 4; lastKnownFileType = sourcecode.c.h; name = UI.h; path = ../../../source/UI.h; sourceTree = "<group>"; };
		74AE69A614DBC523007B4D39 /* VideoApp.cpp */ = {isa = PBXFileReference; fileEncoding = 4; lastKnownFileType = sourcecode.cpp.cpp; name = VideoApp.cpp; path = ../../../source/VideoApp.cpp; sourceTree = "<group>"; };
		74AE69A714DBC523007B4D39 /* VideoApp.h */ = {isa = PBXFileReference; fileEncoding = 4; lastKnownFileType = sourcecode.c.h; name = VideoApp.h; path = ../../../source/VideoApp.h; sourceTree = "<group>"; };
		74AE69A814DBC523007B4D39 /* VideoApp.run.cpp */ = {isa = PBXFileReference; fileEncoding = 4; lastKnownFileType = sourcecode.cpp.cpp; name = VideoApp.run.cpp; path = ../../../source/VideoApp.run.cpp; sourceTree = "<group>"; };
		74AE69C114DBC642007B4D39 /* ofxOsc.h */ = {isa = PBXFileReference; fileEncoding = 4; lastKnownFileType = sourcecode.c.h; name = ofxOsc.h; path = ../../../_common/ofxOsc/ofxOsc.h; sourceTree = "<group>"; };
		74AE69C214DBC642007B4D39 /* ofxOscArg.h */ = {isa = PBXFileReference; fileEncoding = 4; lastKnownFileType = sourcecode.c.h; name = ofxOscArg.h; path = ../../../_common/ofxOsc/ofxOscArg.h; sourceTree = "<group>"; };
		74AE69C314DBC642007B4D39 /* ofxOscBundle.cpp */ = {isa = PBXFileReference; fileEncoding = 4; lastKnownFileType = sourcecode.cpp.cpp; name = ofxOscBundle.cpp; path = ../../../_common/ofxOsc/ofxOscBundle.cpp; sourceTree = "<group>"; };
		74AE69C414DBC642007B4D39 /* ofxOscBundle.h */ = {isa = PBXFileReference; fileEncoding = 4; lastKnownFileType = sourcecode.c.h; name = ofxOscBundle.h; path = ../../../_common/ofxOsc/ofxOscBundle.h; sourceTree = "<group>"; };
		74AE69C514DBC642007B4D39 /* ofxOscMessage.cpp */ = {isa = PBXFileReference; fileEncoding = 4; lastKnownFileType = sourcecode.cpp.cpp; name = ofxOscMessage.cpp; path = ../../../_common/ofxOsc/ofxOscMessage.cpp; sourceTree = "<group>"; };
		74AE69C614DBC642007B4D39 /* ofxOscMessage.h */ = {isa = PBXFileReference; fileEncoding = 4; lastKnownFileType = sourcecode.c.h; name = ofxOscMessage.h; path = ../../../_common/ofxOsc/ofxOscMessage.h; sourceTree = "<group>"; };
		74AE69C714DBC642007B4D39 /* ofxOscReceiver.cpp */ = {isa = PBXFileReference; fileEncoding = 4; lastKnownFileType = sourcecode.cpp.cpp; name = ofxOscReceiver.cpp; path = ../../../_common/ofxOsc/ofxOscReceiver.cpp; sourceTree = "<group>"; };
		74AE69C814DBC642007B4D39 /* ofxOscReceiver.h */ = {isa = PBXFileReference; fileEncoding = 4; lastKnownFileType = sourcecode.c.h; name = ofxOscReceiver.h; path = ../../../_common/ofxOsc/ofxOscReceiver.h; sourceTree = "<group>"; };
		74AE69C914DBC642007B4D39 /* ofxOscSender.cpp */ = {isa = PBXFileReference; fileEncoding = 4; lastKnownFileType = sourcecode.cpp.cpp; name = ofxOscSender.cpp; path = ../../../_common/ofxOsc/ofxOscSender.cpp; sourceTree = "<group>"; };
		74AE69CA14DBC642007B4D39 /* ofxOscSender.h */ = {isa = PBXFileReference; fileEncoding = 4; lastKnownFileType = sourcecode.c.h; name = ofxOscSender.h; path = ../../../_common/ofxOsc/ofxOscSender.h; sourceTree = "<group>"; };
		74AE69CC14DBC642007B4D39 /* IpEndpointName.cpp */ = {isa = PBXFileReference; fileEncoding = 4; lastKnownFileType = sourcecode.cpp.cpp; path = IpEndpointName.cpp; sourceTree = "<group>"; };
		74AE69CD14DBC642007B4D39 /* IpEndpointName.h */ = {isa = PBXFileReference; fileEncoding = 4; lastKnownFileType = sourcecode.c.h; path = IpEndpointName.h; sourceTree = "<group>"; };
		74AE69CE14DBC642007B4D39 /* MessageMappingOscPacketListener.h */ = {isa = PBXFileReference; fileEncoding = 4; lastKnownFileType = sourcecode.c.h; path = MessageMappingOscPacketListener.h; sourceTree = "<group>"; };
		74AE69CF14DBC642007B4D39 /* NetworkingUtils.h */ = {isa = PBXFileReference; fileEncoding = 4; lastKnownFileType = sourcecode.c.h; path = NetworkingUtils.h; sourceTree = "<group>"; };
		74AE69D014DBC642007B4D39 /* OscException.h */ = {isa = PBXFileReference; fileEncoding = 4; lastKnownFileType = sourcecode.c.h; path = OscException.h; sourceTree = "<group>"; };
		74AE69D114DBC642007B4D39 /* OscHostEndianness.h */ = {isa = PBXFileReference; fileEncoding = 4; lastKnownFileType = sourcecode.c.h; path = OscHostEndianness.h; sourceTree = "<group>"; };
		74AE69D214DBC642007B4D39 /* OscOutboundPacketStream.cpp */ = {isa = PBXFileReference; fileEncoding = 4; lastKnownFileType = sourcecode.cpp.cpp; path = OscOutboundPacketStream.cpp; sourceTree = "<group>"; };
		74AE69D314DBC642007B4D39 /* OscOutboundPacketStream.h */ = {isa = PBXFileReference; fileEncoding = 4; lastKnownFileType = sourcecode.c.h; path = OscOutboundPacketStream.h; sourceTree = "<group>"; };
		74AE69D414DBC642007B4D39 /* OscPacketListener.h */ = {isa = PBXFileReference; fileEncoding = 4; lastKnownFileType = sourcecode.c.h; path = OscPacketListener.h; sourceTree = "<group>"; };
		74AE69D514DBC642007B4D39 /* OscPrintReceivedElements.cpp */ = {isa = PBXFileReference; fileEncoding = 4; lastKnownFileType = sourcecode.cpp.cpp; path = OscPrintReceivedElements.cpp; sourceTree = "<group>"; };
		74AE69D614DBC642007B4D39 /* OscPrintReceivedElements.h */ = {isa = PBXFileReference; fileEncoding = 4; lastKnownFileType = sourcecode.c.h; path = OscPrintReceivedElements.h; sourceTree = "<group>"; };
		74AE69D714DBC642007B4D39 /* OscReceivedElements.cpp */ = {isa = PBXFileReference; fileEncoding = 4; lastKnownFileType = sourcecode.cpp.cpp; path = OscReceivedElements.cpp; sourceTree = "<group>"; };
		74AE69D814DBC642007B4D39 /* OscReceivedElements.h */ = {isa = PBXFileReference; fileEncoding = 4; lastKnownFileType = sourcecode.c.h; path = OscReceivedElements.h; sourceTree = "<group>"; };
		74AE69D914DBC642007B4D39 /* OscTypes.cpp */ = {isa = PBXFileReference; fileEncoding = 4; lastKnownFileType = sourcecode.cpp.cpp; path = OscTypes.cpp; sourceTree = "<group>"; };
		74AE69DA14DBC642007B4D39 /* OscTypes.h */ = {isa = PBXFileReference; fileEncoding = 4; lastKnownFileType = sourcecode.c.h; path = OscTypes.h; sourceTree = "<group>"; };
		74AE69DB14DBC642007B4D39 /* PacketListener.h */ = {isa = PBXFileReference; fileEncoding = 4; lastKnownFileType = sourcecode.c.h; path = PacketListener.h; sourceTree = "<group>"; };
		74AE69DD14DBC642007B4D39 /* NetworkingUtils.cpp */ = {isa = PBXFileReference; fileEncoding = 4; lastKnownFileType = sourcecode.cpp.cpp; path = NetworkingUtils.cpp; sourceTree = "<group>"; };
		74AE69DE14DBC642007B4D39 /* UdpSocket.cpp */ = {isa = PBXFileReference; fileEncoding = 4; lastKnownFileType = sourcecode.cpp.cpp; path = UdpSocket.cpp; sourceTree = "<group>"; };
		74AE69DF14DBC642007B4D39 /* TimerListener.h */ = {isa = PBXFileReference; fileEncoding = 4; lastKnownFileType = sourcecode.c.h; path = TimerListener.h; sourceTree = "<group>"; };
		74AE69E014DBC642007B4D39 /* UdpSocket.h */ = {isa = PBXFileReference; fileEncoding = 4; lastKnownFileType = sourcecode.c.h; path = UdpSocket.h; sourceTree = "<group>"; };
		74AE69F114DBC655007B4D39 /* FloWrite.h */ = {isa = PBXFileReference; fileEncoding = 4; lastKnownFileType = sourcecode.c.h; name = FloWrite.h; path = ../../../_common/FloWrite.h; sourceTree = "<group>"; };
		74AE69F214DBC655007B4D39 /* MiniTimer.h */ = {isa = PBXFileReference; fileEncoding = 4; lastKnownFileType = sourcecode.c.h; name = MiniTimer.h; path = ../../../_common/MiniTimer.h; sourceTree = "<group>"; };
		74AE69F414DBC655007B4D39 /* ofxThread.h */ = {isa = PBXFileReference; fileEncoding = 4; lastKnownFileType = sourcecode.c.h; name = ofxThread.h; path = ../../../_common/ofxThread.h; sourceTree = "<group>"; };
		74AE69F514DBC655007B4D39 /* SimpleMutex.h */ = {isa = PBXFileReference; fileEncoding = 4; lastKnownFileType = sourcecode.c.h; name = SimpleMutex.h; path = ../../../_common/SimpleMutex.h; sourceTree = "<group>"; };
		74AE69F814DBC660007B4D39 /* Blob.h */ = {isa = PBXFileReference; fileEncoding = 4; lastKnownFileType = sourcecode.c.h; path = Blob.h; sourceTree = "<group>"; };
		74AE69F914DBC660007B4D39 /* BlobTracker.cpp */ = {isa = PBXFileReference; fileEncoding = 4; lastKnownFileType = sourcecode.cpp.cpp; path = BlobTracker.cpp; sourceTree = "<group>"; };
		74AE69FA14DBC660007B4D39 /* BlobTracker.h */ = {isa = PBXFileReference; fileEncoding = 4; lastKnownFileType = sourcecode.c.h; path = BlobTracker.h; sourceTree = "<group>"; };
		74AE69FB14DBC660007B4D39 /* cvButtons.cpp */ = {isa = PBXFileReference; fileEncoding = 4; lastKnownFileType = sourcecode.cpp.cpp; path = cvButtons.cpp; sourceTree = "<group>"; };
		74AE69FC14DBC660007B4D39 /* cvButtons.h */ = {isa = PBXFileReference; fileEncoding = 4; lastKnownFileType = sourcecode.c.h; path = cvButtons.h; sourceTree = "<group>"; };
		74AE69FD14DBC660007B4D39 /* OpenCV.cpp */ = {isa = PBXFileReference; fileEncoding = 4; lastKnownFileType = sourcecode.cpp.cpp; path = OpenCV.cpp; sourceTree = "<group>"; };
		74AE69FE14DBC660007B4D39 /* OpenCV.h */ = {isa = PBXFileReference; fileEncoding = 4; lastKnownFileType = sourcecode.c.h; path = OpenCV.h; sourceTree = "<group>"; };
		74AE69FF14DBC660007B4D39 /* point2d.h */ = {isa = PBXFileReference; fileEncoding = 4; lastKnownFileType = sourcecode.c.h; path = point2d.h; sourceTree = "<group>"; };
		74AE6A0514DBD060007B4D39 /* libopencv_core.2.3.2.dylib */ = {isa = PBXFileReference; lastKnownFileType = "compiled.mach-o.dylib"; name = libopencv_core.2.3.2.dylib; path = ../../../../../../../usr/local/lib/libopencv_core.2.3.2.dylib; sourceTree = "<group>"; };
		74AE6A0714DBD060007B4D39 /* libopencv_highgui.2.3.2.dylib */ = {isa = PBXFileReference; lastKnownFileType = "compiled.mach-o.dylib"; name = libopencv_highgui.2.3.2.dylib; path = ../../../../../../../usr/local/lib/libopencv_highgui.2.3.2.dylib; sourceTree = "<group>"; };
		74AE6A0814DBD060007B4D39 /* libopencv_imgproc.2.3.2.dylib */ = {isa = PBXFileReference; lastKnownFileType = "compiled.mach-o.dylib"; name = libopencv_imgproc.2.3.2.dylib; path = ../../../../../../../usr/local/lib/libopencv_imgproc.2.3.2.dylib; sourceTree = "<group>"; };
		74AE6A0B14DBD060007B4D39 /* libopencv_objdetect.2.3.2.dylib */ = {isa = PBXFileReference; lastKnownFileType = "compiled.mach-o.dylib"; name = libopencv_objdetect.2.3.2.dylib; path = ../../../../../../../usr/local/lib/libopencv_objdetect.2.3.2.dylib; sourceTree = "<group>"; };
		74AE6A1714DBD12B007B4D39 /* libopencv_video.2.3.2.dylib */ = {isa = PBXFileReference; lastKnownFileType = "compiled.mach-o.dylib"; name = libopencv_video.2.3.2.dylib; path = ../../../../../../../usr/local/lib/libopencv_video.2.3.2.dylib; sourceTree = "<group>"; };
/* End PBXFileReference section */

/* Begin PBXFrameworksBuildPhase section */
		74AE699114DBC509007B4D39 /* Frameworks */ = {
			isa = PBXFrameworksBuildPhase;
			buildActionMask = 2147483647;
			files = (
				74AE6A0F14DBD060007B4D39 /* libopencv_core.2.3.2.dylib in Frameworks */,
				74AE6A1114DBD060007B4D39 /* libopencv_highgui.2.3.2.dylib in Frameworks */,
				74AE6A1214DBD060007B4D39 /* libopencv_imgproc.2.3.2.dylib in Frameworks */,
				74AE6A1514DBD060007B4D39 /* libopencv_objdetect.2.3.2.dylib in Frameworks */,
				74AE6A1814DBD12B007B4D39 /* libopencv_video.2.3.2.dylib in Frameworks */,
			);
			runOnlyForDeploymentPostprocessing = 0;
		};
/* End PBXFrameworksBuildPhase section */

/* Begin PBXGroup section */
		74AE698914DBC509007B4D39 = {
			isa = PBXGroup;
			children = (
				74AE69F714DBC660007B4D39 /* vOpenCV */,
				74AE69C014DBC612007B4D39 /* osc */,
				74AE69BF14DBC606007B4D39 /* util */,
				74AE69AE14DBC537007B4D39 /* OpenCV_framework */,
				74AE699714DBC509007B4D39 /* CamServer */,
				74AE699514DBC509007B4D39 /* Products */,
			);
			sourceTree = "<group>";
		};
		74AE699514DBC509007B4D39 /* Products */ = {
			isa = PBXGroup;
			children = (
				74AE699414DBC509007B4D39 /* CamServer */,
			);
			name = Products;
			sourceTree = "<group>";
		};
		74AE699714DBC509007B4D39 /* CamServer */ = {
			isa = PBXGroup;
			children = (
				74AE69A114DBC523007B4D39 /* AppConfig.cpp */,
				74AE69A214DBC523007B4D39 /* AppConfig.h */,
				74AE69A314DBC523007B4D39 /* main.cpp */,
				74AE69A414DBC523007B4D39 /* UI.cpp */,
				74AE69A514DBC523007B4D39 /* UI.h */,
				74AE69A614DBC523007B4D39 /* VideoApp.cpp */,
				74AE69A714DBC523007B4D39 /* VideoApp.h */,
				74AE69A814DBC523007B4D39 /* VideoApp.run.cpp */,
				74AE699A14DBC509007B4D39 /* CamServer.1 */,
			);
			path = CamServer;
			sourceTree = "<group>";
		};
		74AE69AE14DBC537007B4D39 /* OpenCV_framework */ = {
			isa = PBXGroup;
			children = (
				74AE6A1714DBD12B007B4D39 /* libopencv_video.2.3.2.dylib */,
				74AE6A0514DBD060007B4D39 /* libopencv_core.2.3.2.dylib */,
				74AE6A0714DBD060007B4D39 /* libopencv_highgui.2.3.2.dylib */,
				74AE6A0814DBD060007B4D39 /* libopencv_imgproc.2.3.2.dylib */,
				74AE6A0B14DBD060007B4D39 /* libopencv_objdetect.2.3.2.dylib */,
			);
			name = OpenCV_framework;
			sourceTree = "<group>";
		};
		74AE69BF14DBC606007B4D39 /* util */ = {
			isa = PBXGroup;
			children = (
				74AE69F114DBC655007B4D39 /* FloWrite.h */,
				74AE69F214DBC655007B4D39 /* MiniTimer.h */,
				74AE69F414DBC655007B4D39 /* ofxThread.h */,
				74AE69F514DBC655007B4D39 /* SimpleMutex.h */,
			);
			name = util;
			sourceTree = "<group>";
		};
		74AE69C014DBC612007B4D39 /* osc */ = {
			isa = PBXGroup;
			children = (
				74AE69C114DBC642007B4D39 /* ofxOsc.h */,
				74AE69C214DBC642007B4D39 /* ofxOscArg.h */,
				74AE69C314DBC642007B4D39 /* ofxOscBundle.cpp */,
				74AE69C414DBC642007B4D39 /* ofxOscBundle.h */,
				74AE69C514DBC642007B4D39 /* ofxOscMessage.cpp */,
				74AE69C614DBC642007B4D39 /* ofxOscMessage.h */,
				74AE69C714DBC642007B4D39 /* ofxOscReceiver.cpp */,
				74AE69C814DBC642007B4D39 /* ofxOscReceiver.h */,
				74AE69C914DBC642007B4D39 /* ofxOscSender.cpp */,
				74AE69CA14DBC642007B4D39 /* ofxOscSender.h */,
				74AE69CB14DBC642007B4D39 /* oscpack */,
			);
			name = osc;
			sourceTree = "<group>";
		};
		74AE69CB14DBC642007B4D39 /* oscpack */ = {
			isa = PBXGroup;
			children = (
				74AE69CC14DBC642007B4D39 /* IpEndpointName.cpp */,
				74AE69CD14DBC642007B4D39 /* IpEndpointName.h */,
				74AE69CE14DBC642007B4D39 /* MessageMappingOscPacketListener.h */,
				74AE69CF14DBC642007B4D39 /* NetworkingUtils.h */,
				74AE69D014DBC642007B4D39 /* OscException.h */,
				74AE69D114DBC642007B4D39 /* OscHostEndianness.h */,
				74AE69D214DBC642007B4D39 /* OscOutboundPacketStream.cpp */,
				74AE69D314DBC642007B4D39 /* OscOutboundPacketStream.h */,
				74AE69D414DBC642007B4D39 /* OscPacketListener.h */,
				74AE69D514DBC642007B4D39 /* OscPrintReceivedElements.cpp */,
				74AE69D614DBC642007B4D39 /* OscPrintReceivedElements.h */,
				74AE69D714DBC642007B4D39 /* OscReceivedElements.cpp */,
				74AE69D814DBC642007B4D39 /* OscReceivedElements.h */,
				74AE69D914DBC642007B4D39 /* OscTypes.cpp */,
				74AE69DA14DBC642007B4D39 /* OscTypes.h */,
				74AE69DB14DBC642007B4D39 /* PacketListener.h */,
				74AE69DC14DBC642007B4D39 /* posix */,
				74AE69DF14DBC642007B4D39 /* TimerListener.h */,
				74AE69E014DBC642007B4D39 /* UdpSocket.h */,
			);
			name = oscpack;
			path = ../../../_common/ofxOsc/oscpack;
			sourceTree = "<group>";
		};
		74AE69DC14DBC642007B4D39 /* posix */ = {
			isa = PBXGroup;
			children = (
				74AE69DD14DBC642007B4D39 /* NetworkingUtils.cpp */,
				74AE69DE14DBC642007B4D39 /* UdpSocket.cpp */,
			);
			path = posix;
			sourceTree = "<group>";
		};
		74AE69F714DBC660007B4D39 /* vOpenCV */ = {
			isa = PBXGroup;
			children = (
				74AE69F814DBC660007B4D39 /* Blob.h */,
				74AE69F914DBC660007B4D39 /* BlobTracker.cpp */,
				74AE69FA14DBC660007B4D39 /* BlobTracker.h */,
				74AE69FB14DBC660007B4D39 /* cvButtons.cpp */,
				74AE69FC14DBC660007B4D39 /* cvButtons.h */,
				74AE69FD14DBC660007B4D39 /* OpenCV.cpp */,
				74AE69FE14DBC660007B4D39 /* OpenCV.h */,
				74AE69FF14DBC660007B4D39 /* point2d.h */,
			);
			name = vOpenCV;
			path = ../../../_common/vOpenCV;
			sourceTree = "<group>";
		};
/* End PBXGroup section */

/* Begin PBXNativeTarget section */
		74AE699314DBC509007B4D39 /* CamServer */ = {
			isa = PBXNativeTarget;
			buildConfigurationList = 74AE699E14DBC509007B4D39 /* Build configuration list for PBXNativeTarget "CamServer" */;
			buildPhases = (
				74AE699014DBC509007B4D39 /* Sources */,
				74AE699114DBC509007B4D39 /* Frameworks */,
				74AE699214DBC509007B4D39 /* CopyFiles */,
			);
			buildRules = (
			);
			dependencies = (
			);
			name = CamServer;
			productName = CamServer;
			productReference = 74AE699414DBC509007B4D39 /* CamServer */;
			productType = "com.apple.product-type.tool";
		};
/* End PBXNativeTarget section */

/* Begin PBXProject section */
		74AE698B14DBC509007B4D39 /* Project object */ = {
			isa = PBXProject;
			attributes = {
				LastUpgradeCheck = 0420;
			};
			buildConfigurationList = 74AE698E14DBC509007B4D39 /* Build configuration list for PBXProject "CamServer" */;
			compatibilityVersion = "Xcode 3.2";
			developmentRegion = English;
			hasScannedForEncodings = 0;
			knownRegions = (
				en,
			);
			mainGroup = 74AE698914DBC509007B4D39;
			productRefGroup = 74AE699514DBC509007B4D39 /* Products */;
			projectDirPath = "";
			projectRoot = "";
			targets = (
				74AE699314DBC509007B4D39 /* CamServer */,
			);
		};
/* End PBXProject section */

/* Begin PBXSourcesBuildPhase section */
		74AE699014DBC509007B4D39 /* Sources */ = {
			isa = PBXSourcesBuildPhase;
			buildActionMask = 2147483647;
			files = (
				74AE69A914DBC523007B4D39 /* AppConfig.cpp in Sources */,
				74AE69AA14DBC523007B4D39 /* main.cpp in Sources */,
				74AE69AB14DBC523007B4D39 /* UI.cpp in Sources */,
				74AE69AC14DBC523007B4D39 /* VideoApp.cpp in Sources */,
				74AE69AD14DBC523007B4D39 /* VideoApp.run.cpp in Sources */,
				74AE69E414DBC642007B4D39 /* ofxOscBundle.cpp in Sources */,
				74AE69E514DBC642007B4D39 /* ofxOscMessage.cpp in Sources */,
				74AE69E614DBC642007B4D39 /* ofxOscReceiver.cpp in Sources */,
				74AE69E714DBC642007B4D39 /* ofxOscSender.cpp in Sources */,
				74AE69E814DBC642007B4D39 /* IpEndpointName.cpp in Sources */,
				74AE69E914DBC642007B4D39 /* OscOutboundPacketStream.cpp in Sources */,
				74AE69EA14DBC642007B4D39 /* OscPrintReceivedElements.cpp in Sources */,
				74AE69EB14DBC642007B4D39 /* OscReceivedElements.cpp in Sources */,
				74AE69EC14DBC642007B4D39 /* OscTypes.cpp in Sources */,
				74AE69ED14DBC642007B4D39 /* NetworkingUtils.cpp in Sources */,
				74AE69EE14DBC642007B4D39 /* UdpSocket.cpp in Sources */,
				74AE6A0014DBC660007B4D39 /* BlobTracker.cpp in Sources */,
				74AE6A0114DBC660007B4D39 /* cvButtons.cpp in Sources */,
				74AE6A0214DBC660007B4D39 /* OpenCV.cpp in Sources */,
			);
			runOnlyForDeploymentPostprocessing = 0;
		};
/* End PBXSourcesBuildPhase section */

/* Begin XCBuildConfiguration section */
		74AE699C14DBC509007B4D39 /* Debug */ = {
			isa = XCBuildConfiguration;
			buildSettings = {
				ALWAYS_SEARCH_USER_PATHS = NO;
				ARCHS = "$(ARCHS_STANDARD_64_BIT)";
				COPY_PHASE_STRIP = NO;
				GCC_C_LANGUAGE_STANDARD = gnu99;
				GCC_DYNAMIC_NO_PIC = NO;
				GCC_ENABLE_OBJC_EXCEPTIONS = YES;
				GCC_OPTIMIZATION_LEVEL = 0;
				GCC_PREPROCESSOR_DEFINITIONS = (
					"DEBUG=1",
					"$(inherited)",
				);
				GCC_SYMBOLS_PRIVATE_EXTERN = NO;
				GCC_VERSION = com.apple.compilers.llvm.clang.1_0;
				GCC_WARN_64_TO_32_BIT_CONVERSION = YES;
				GCC_WARN_ABOUT_MISSING_PROTOTYPES = YES;
				GCC_WARN_ABOUT_RETURN_TYPE = YES;
				GCC_WARN_UNUSED_VARIABLE = YES;
				MACOSX_DEPLOYMENT_TARGET = 10.7;
				ONLY_ACTIVE_ARCH = YES;
				SDKROOT = macosx;
			};
			name = Debug;
		};
		74AE699D14DBC509007B4D39 /* Release */ = {
			isa = XCBuildConfiguration;
			buildSettings = {
				ALWAYS_SEARCH_USER_PATHS = NO;
				ARCHS = "$(ARCHS_STANDARD_64_BIT)";
				COPY_PHASE_STRIP = YES;
				DEBUG_INFORMATION_FORMAT = "dwarf-with-dsym";
				GCC_C_LANGUAGE_STANDARD = gnu99;
				GCC_ENABLE_OBJC_EXCEPTIONS = YES;
				GCC_VERSION = com.apple.compilers.llvm.clang.1_0;
				GCC_WARN_64_TO_32_BIT_CONVERSION = YES;
				GCC_WARN_ABOUT_MISSING_PROTOTYPES = YES;
				GCC_WARN_ABOUT_RETURN_TYPE = YES;
				GCC_WARN_UNUSED_VARIABLE = YES;
				MACOSX_DEPLOYMENT_TARGET = 10.7;
				SDKROOT = macosx;
			};
			name = Release;
		};
		74AE699F14DBC509007B4D39 /* Debug */ = {
			isa = XCBuildConfiguration;
			buildSettings = {
				LIBRARY_SEARCH_PATHS = (
					"$(inherited)",
					"\"$(SRCROOT)/../../../../opencv_svn/opencv/build/lib/Debug\"",
				);
				PRODUCT_NAME = "$(TARGET_NAME)";
				SYMROOT = ../../bin;
			};
			name = Debug;
		};
		74AE69A014DBC509007B4D39 /* Release */ = {
			isa = XCBuildConfiguration;
			buildSettings = {
				LIBRARY_SEARCH_PATHS = (
					"$(inherited)",
					"\"$(SRCROOT)/../../../../opencv_svn/opencv/build/lib/Debug\"",
				);
				PRODUCT_NAME = "$(TARGET_NAME)";
				SYMROOT = ../../bin;
			};
			name = Release;
		};
/* End XCBuildConfiguration section */

/* Begin XCConfigurationList section */
		74AE698E14DBC509007B4D39 /* Build configuration list for PBXProject "CamServer" */ = {
			isa = XCConfigurationList;
			buildConfigurations = (
				74AE699C14DBC509007B4D39 /* Debug */,
				74AE699D14DBC509007B4D39 /* Release */,
			);
			defaultConfigurationIsVisible = 0;
			defaultConfigurationName = Release;
		};
		74AE699E14DBC509007B4D39 /* Build configuration list for PBXNativeTarget "CamServer" */ = {
			isa = XCConfigurationList;
			buildConfigurations = (
				74AE699F14DBC509007B4D39 /* Debug */,
				74AE69A014DBC509007B4D39 /* Release */,
			);
			defaultConfigurationIsVisible = 0;
			defaultConfigurationName = Release;
		};
/* End XCConfigurationList section */
	};
	rootObject = 74AE698B14DBC509007B4D39 /* Project object */;
}
